
Microsoft Visual Studio Solution File, Format Version 12.00
# Visual Studio Version 16
VisualStudioVersion = 16.0.32106.194
MinimumVisualStudioVersion = 10.0.40219.1
Project("{FAE04EC0-301F-11D3-BF4B-00C04F79EFBC}") = "Hash Table", "Hash Table Operation\Hash Table.csproj", "{3B785B9D-AD7C-4350-83C6-EFC8B1702652}"
EndProject
Global
	GlobalSection(SolutionConfigurationPlatforms) = preSolution
		Debug|Any CPU = Debug|Any CPU
		Release|Any CPU = Release|Any CPU
	EndGlobalSection
	GlobalSection(ProjectConfigurationPlatforms) = postSolution
		{3B785B9D-AD7C-4350-83C6-EFC8B1702652}.Debug|Any CPU.ActiveCfg = Debug|Any CPU
		{3B785B9D-AD7C-4350-83C6-EFC8B1702652}.Debug|Any CPU.Build.0 = Debug|Any CPU
		{3B785B9D-AD7C-4350-83C6-EFC8B1702652}.Release|Any CPU.ActiveCfg = Release|Any CPU
		{3B785B9D-AD7C-4350-83C6-EFC8B1702652}.Release|Any CPU.Build.0 = Release|Any CPU
	EndGlobalSection
	GlobalSection(SolutionProperties) = preSolution
		HideSolutionNode = FALSE
	EndGlobalSection
	GlobalSection(ExtensibilityGlobals) = postSolution
		SolutionGuid = {18A23383-14B0-4524-94C3-27C3957B7E8E}
	EndGlobalSection
EndGlobal
